// !$*UTF8*$!
{
	archiveVersion = 1;
	classes = {
	};
	objectVersion = 46;
	objects = {

/* Begin PBXBuildFile section */
		0282906A1A59457C00765105 /* main.m in Sources */ = {isa = PBXBuildFile; fileRef = 028290691A59457C00765105 /* main.m */; };
		0282906D1A59457C00765105 /* AppDelegate.m in Sources */ = {isa = PBXBuildFile; fileRef = 0282906C1A59457C00765105 /* AppDelegate.m */; };
		028290701A59457C00765105 /* ViewController.m in Sources */ = {isa = PBXBuildFile; fileRef = 0282906F1A59457C00765105 /* ViewController.m */; };
		028290731A59457C00765105 /* Main.storyboard in Resources */ = {isa = PBXBuildFile; fileRef = 028290711A59457C00765105 /* Main.storyboard */; };
		028290751A59457C00765105 /* Images.xcassets in Resources */ = {isa = PBXBuildFile; fileRef = 028290741A59457C00765105 /* Images.xcassets */; };
		028290781A59457C00765105 /* LaunchScreen.xib in Resources */ = {isa = PBXBuildFile; fileRef = 028290761A59457C00765105 /* LaunchScreen.xib */; };
		028290841A59457C00765105 /* Test0001Tests.m in Sources */ = {isa = PBXBuildFile; fileRef = 028290831A59457C00765105 /* Test0001Tests.m */; };
		028290981A59459C00765105 /* InterfaceController.m in Sources */ = {isa = PBXBuildFile; fileRef = 028290971A59459C00765105 /* InterfaceController.m */; };
		0282909B1A59459C00765105 /* NotificationController.m in Sources */ = {isa = PBXBuildFile; fileRef = 0282909A1A59459C00765105 /* NotificationController.m */; };
		0282909E1A59459C00765105 /* GlanceController.m in Sources */ = {isa = PBXBuildFile; fileRef = 0282909D1A59459C00765105 /* GlanceController.m */; };
		028290A01A59459C00765105 /* Images.xcassets in Resources */ = {isa = PBXBuildFile; fileRef = 0282909F1A59459C00765105 /* Images.xcassets */; };
		028290A41A59459C00765105 /* Test0001 WatchKit App.app in Resources */ = {isa = PBXBuildFile; fileRef = 028290A31A59459C00765105 /* Test0001 WatchKit App.app */; };
		028290AC1A59459D00765105 /* Interface.storyboard in Resources */ = {isa = PBXBuildFile; fileRef = 028290AA1A59459D00765105 /* Interface.storyboard */; };
		028290AE1A59459D00765105 /* Images.xcassets in Resources */ = {isa = PBXBuildFile; fileRef = 028290AD1A59459D00765105 /* Images.xcassets */; };
		028290B11A59459D00765105 /* Test0001 WatchKit Extension.appex in Embed App Extensions */ = {isa = PBXBuildFile; fileRef = 028290911A59459C00765105 /* Test0001 WatchKit Extension.appex */; settings = {ATTRIBUTES = (RemoveHeadersOnCopy, ); }; };
		028290C11A5A219A00765105 /* WKInterfaceController+TableController.m in Sources */ = {isa = PBXBuildFile; fileRef = 028290C01A5A219A00765105 /* WKInterfaceController+TableController.m */; };
		028290C61A5A224E00765105 /* WKInterfaceController+MapController.m in Sources */ = {isa = PBXBuildFile; fileRef = 028290C31A5A224E00765105 /* WKInterfaceController+MapController.m */; };
		028290C71A5A224E00765105 /* WKInterfaceController+MenuController.m in Sources */ = {isa = PBXBuildFile; fileRef = 028290C51A5A224E00765105 /* WKInterfaceController+MenuController.m */; };
		0282912E1A5A7AAC00765105 /* mainRowType.m in Sources */ = {isa = PBXBuildFile; fileRef = 0282912D1A5A7AAC00765105 /* mainRowType.m */; };
		02D5A73F1A5B721D0058A70F /* MyNotificationController.m in Sources */ = {isa = PBXBuildFile; fileRef = 02D5A73E1A5B721D0058A70F /* MyNotificationController.m */; };
/* End PBXBuildFile section */

/* Begin PBXContainerItemProxy section */
		0282907E1A59457C00765105 /* PBXContainerItemProxy */ = {
			isa = PBXContainerItemProxy;
			containerPortal = 0282905C1A59457C00765105 /* Project object */;
			proxyType = 1;
			remoteGlobalIDString = 028290631A59457C00765105;
			remoteInfo = Test0001;
		};
		028290A51A59459C00765105 /* PBXContainerItemProxy */ = {
			isa = PBXContainerItemProxy;
			containerPortal = 0282905C1A59457C00765105 /* Project object */;
			proxyType = 1;
			remoteGlobalIDString = 028290A21A59459C00765105;
			remoteInfo = "Test0001 WatchKit App";
		};
		028290AF1A59459D00765105 /* PBXContainerItemProxy */ = {
			isa = PBXContainerItemProxy;
			containerPortal = 0282905C1A59457C00765105 /* Project object */;
			proxyType = 1;
			remoteGlobalIDString = 028290901A59459C00765105;
			remoteInfo = "Test0001 WatchKit Extension";
		};
/* End PBXContainerItemProxy section */

/* Begin PBXCopyFilesBuildPhase section */
		028290B81A59459D00765105 /* Embed App Extensions */ = {
			isa = PBXCopyFilesBuildPhase;
			buildActionMask = 2147483647;
			dstPath = "";
			dstSubfolderSpec = 13;
			files = (
				028290B11A59459D00765105 /* Test0001 WatchKit Extension.appex in Embed App Extensions */,
			);
			name = "Embed App Extensions";
			runOnlyForDeploymentPostprocessing = 0;
		};
/* End PBXCopyFilesBuildPhase section */

/* Begin PBXFileReference section */
		028290641A59457C00765105 /* Test0001.app */ = {isa = PBXFileReference; explicitFileType = wrapper.application; includeInIndex = 0; path = Test0001.app; sourceTree = BUILT_PRODUCTS_DIR; };
		028290681A59457C00765105 /* Info.plist */ = {isa = PBXFileReference; lastKnownFileType = text.plist.xml; path = Info.plist; sourceTree = "<group>"; };
		028290691A59457C00765105 /* main.m */ = {isa = PBXFileReference; lastKnownFileType = sourcecode.c.objc; path = main.m; sourceTree = "<group>"; };
		0282906B1A59457C00765105 /* AppDelegate.h */ = {isa = PBXFileReference; lastKnownFileType = sourcecode.c.h; path = AppDelegate.h; sourceTree = "<group>"; };
		0282906C1A59457C00765105 /* AppDelegate.m */ = {isa = PBXFileReference; lastKnownFileType = sourcecode.c.objc; path = AppDelegate.m; sourceTree = "<group>"; };
		0282906E1A59457C00765105 /* ViewController.h */ = {isa = PBXFileReference; lastKnownFileType = sourcecode.c.h; path = ViewController.h; sourceTree = "<group>"; };
		0282906F1A59457C00765105 /* ViewController.m */ = {isa = PBXFileReference; lastKnownFileType = sourcecode.c.objc; path = ViewController.m; sourceTree = "<group>"; };
		028290721A59457C00765105 /* Base */ = {isa = PBXFileReference; lastKnownFileType = file.storyboard; name = Base; path = Base.lproj/Main.storyboard; sourceTree = "<group>"; };
		028290741A59457C00765105 /* Images.xcassets */ = {isa = PBXFileReference; lastKnownFileType = folder.assetcatalog; path = Images.xcassets; sourceTree = "<group>"; };
		028290771A59457C00765105 /* Base */ = {isa = PBXFileReference; lastKnownFileType = file.xib; name = Base; path = Base.lproj/LaunchScreen.xib; sourceTree = "<group>"; };
		0282907D1A59457C00765105 /* Test0001Tests.xctest */ = {isa = PBXFileReference; explicitFileType = wrapper.cfbundle; includeInIndex = 0; path = Test0001Tests.xctest; sourceTree = BUILT_PRODUCTS_DIR; };
		028290821A59457C00765105 /* Info.plist */ = {isa = PBXFileReference; lastKnownFileType = text.plist.xml; path = Info.plist; sourceTree = "<group>"; };
		028290831A59457C00765105 /* Test0001Tests.m */ = {isa = PBXFileReference; lastKnownFileType = sourcecode.c.objc; path = Test0001Tests.m; sourceTree = "<group>"; };
		028290911A59459C00765105 /* Test0001 WatchKit Extension.appex */ = {isa = PBXFileReference; explicitFileType = "wrapper.app-extension"; includeInIndex = 0; path = "Test0001 WatchKit Extension.appex"; sourceTree = BUILT_PRODUCTS_DIR; };
		028290941A59459C00765105 /* Info.plist */ = {isa = PBXFileReference; lastKnownFileType = text.plist.xml; path = Info.plist; sourceTree = "<group>"; };
		028290951A59459C00765105 /* PushNotificationPayload.apns */ = {isa = PBXFileReference; lastKnownFileType = text; path = PushNotificationPayload.apns; sourceTree = "<group>"; };
		028290961A59459C00765105 /* InterfaceController.h */ = {isa = PBXFileReference; lastKnownFileType = sourcecode.c.h; path = InterfaceController.h; sourceTree = "<group>"; };
		028290971A59459C00765105 /* InterfaceController.m */ = {isa = PBXFileReference; lastKnownFileType = sourcecode.c.objc; path = InterfaceController.m; sourceTree = "<group>"; };
		028290991A59459C00765105 /* NotificationController.h */ = {isa = PBXFileReference; lastKnownFileType = sourcecode.c.h; path = NotificationController.h; sourceTree = "<group>"; };
		0282909A1A59459C00765105 /* NotificationController.m */ = {isa = PBXFileReference; lastKnownFileType = sourcecode.c.objc; path = NotificationController.m; sourceTree = "<group>"; };
		0282909C1A59459C00765105 /* GlanceController.h */ = {isa = PBXFileReference; lastKnownFileType = sourcecode.c.h; path = GlanceController.h; sourceTree = "<group>"; };
		0282909D1A59459C00765105 /* GlanceController.m */ = {isa = PBXFileReference; lastKnownFileType = sourcecode.c.objc; path = GlanceController.m; sourceTree = "<group>"; };
		0282909F1A59459C00765105 /* Images.xcassets */ = {isa = PBXFileReference; lastKnownFileType = folder.assetcatalog; path = Images.xcassets; sourceTree = "<group>"; };
		028290A31A59459C00765105 /* Test0001 WatchKit App.app */ = {isa = PBXFileReference; explicitFileType = wrapper.application; includeInIndex = 0; path = "Test0001 WatchKit App.app"; sourceTree = BUILT_PRODUCTS_DIR; };
		028290A91A59459C00765105 /* Info.plist */ = {isa = PBXFileReference; lastKnownFileType = text.plist.xml; path = Info.plist; sourceTree = "<group>"; };
		028290AB1A59459D00765105 /* Base */ = {isa = PBXFileReference; lastKnownFileType = file.storyboard; name = Base; path = Base.lproj/Interface.storyboard; sourceTree = "<group>"; };
		028290AD1A59459D00765105 /* Images.xcassets */ = {isa = PBXFileReference; lastKnownFileType = folder.assetcatalog; path = Images.xcassets; sourceTree = "<group>"; };
		028290BF1A5A219A00765105 /* WKInterfaceController+TableController.h */ = {isa = PBXFileReference; fileEncoding = 4; lastKnownFileType = sourcecode.c.h; path = "WKInterfaceController+TableController.h"; sourceTree = "<group>"; };
		028290C01A5A219A00765105 /* WKInterfaceController+TableController.m */ = {isa = PBXFileReference; fileEncoding = 4; lastKnownFileType = sourcecode.c.objc; path = "WKInterfaceController+TableController.m"; sourceTree = "<group>"; };
		028290C21A5A224E00765105 /* WKInterfaceController+MapController.h */ = {isa = PBXFileReference; fileEncoding = 4; lastKnownFileType = sourcecode.c.h; path = "WKInterfaceController+MapController.h"; sourceTree = "<group>"; };
		028290C31A5A224E00765105 /* WKInterfaceController+MapController.m */ = {isa = PBXFileReference; fileEncoding = 4; lastKnownFileType = sourcecode.c.objc; path = "WKInterfaceController+MapController.m"; sourceTree = "<group>"; };
		028290C41A5A224E00765105 /* WKInterfaceController+MenuController.h */ = {isa = PBXFileReference; fileEncoding = 4; lastKnownFileType = sourcecode.c.h; path = "WKInterfaceController+MenuController.h"; sourceTree = "<group>"; };
		028290C51A5A224E00765105 /* WKInterfaceController+MenuController.m */ = {isa = PBXFileReference; fileEncoding = 4; lastKnownFileType = sourcecode.c.objc; path = "WKInterfaceController+MenuController.m"; sourceTree = "<group>"; };
		0282912C1A5A7AAC00765105 /* mainRowType.h */ = {isa = PBXFileReference; fileEncoding = 4; lastKnownFileType = sourcecode.c.h; path = mainRowType.h; sourceTree = "<group>"; };
		0282912D1A5A7AAC00765105 /* mainRowType.m */ = {isa = PBXFileReference; fileEncoding = 4; lastKnownFileType = sourcecode.c.objc; path = mainRowType.m; sourceTree = "<group>"; };
		02D5A73D1A5B721D0058A70F /* MyNotificationController.h */ = {isa = PBXFileReference; fileEncoding = 4; lastKnownFileType = sourcecode.c.h; path = MyNotificationController.h; sourceTree = "<group>"; };
		02D5A73E1A5B721D0058A70F /* MyNotificationController.m */ = {isa = PBXFileReference; fileEncoding = 4; lastKnownFileType = sourcecode.c.objc; path = MyNotificationController.m; sourceTree = "<group>"; };
/* End PBXFileReference section */

/* Begin PBXFrameworksBuildPhase section */
		028290611A59457C00765105 /* Frameworks */ = {
			isa = PBXFrameworksBuildPhase;
			buildActionMask = 2147483647;
			files = (
			);
			runOnlyForDeploymentPostprocessing = 0;
		};
		0282907A1A59457C00765105 /* Frameworks */ = {
			isa = PBXFrameworksBuildPhase;
			buildActionMask = 2147483647;
			files = (
			);
			runOnlyForDeploymentPostprocessing = 0;
		};
		0282908E1A59459C00765105 /* Frameworks */ = {
			isa = PBXFrameworksBuildPhase;
			buildActionMask = 2147483647;
			files = (
			);
			runOnlyForDeploymentPostprocessing = 0;
		};
/* End PBXFrameworksBuildPhase section */

/* Begin PBXGroup section */
		025015A01A5BD99E000C0586 /* Controllers */ = {
			isa = PBXGroup;
			children = (
				028290BF1A5A219A00765105 /* WKInterfaceController+TableController.h */,
				028290C01A5A219A00765105 /* WKInterfaceController+TableController.m */,
				028290C21A5A224E00765105 /* WKInterfaceController+MapController.h */,
				028290C31A5A224E00765105 /* WKInterfaceController+MapController.m */,
				028290C41A5A224E00765105 /* WKInterfaceController+MenuController.h */,
				028290C51A5A224E00765105 /* WKInterfaceController+MenuController.m */,
				0282912C1A5A7AAC00765105 /* mainRowType.h */,
				0282912D1A5A7AAC00765105 /* mainRowType.m */,
			);
			name = Controllers;
			sourceTree = "<group>";
		};
		0282905B1A59457C00765105 = {
			isa = PBXGroup;
			children = (
				028290661A59457C00765105 /* Test0001 */,
				028290801A59457C00765105 /* Test0001Tests */,
				028290921A59459C00765105 /* Test0001 WatchKit Extension */,
				028290A71A59459C00765105 /* Test0001 WatchKit App */,
				028290651A59457C00765105 /* Products */,
			);
			sourceTree = "<group>";
		};
		028290651A59457C00765105 /* Products */ = {
			isa = PBXGroup;
			children = (
				028290641A59457C00765105 /* Test0001.app */,
				0282907D1A59457C00765105 /* Test0001Tests.xctest */,
				028290911A59459C00765105 /* Test0001 WatchKit Extension.appex */,
				028290A31A59459C00765105 /* Test0001 WatchKit App.app */,
			);
			name = Products;
			sourceTree = "<group>";
		};
		028290661A59457C00765105 /* Test0001 */ = {
			isa = PBXGroup;
			children = (
				0282906B1A59457C00765105 /* AppDelegate.h */,
				0282906C1A59457C00765105 /* AppDelegate.m */,
				0282906E1A59457C00765105 /* ViewController.h */,
				0282906F1A59457C00765105 /* ViewController.m */,
				028290711A59457C00765105 /* Main.storyboard */,
				028290741A59457C00765105 /* Images.xcassets */,
				028290761A59457C00765105 /* LaunchScreen.xib */,
				028290671A59457C00765105 /* Supporting Files */,
			);
			path = Test0001;
			sourceTree = "<group>";
		};
		028290671A59457C00765105 /* Supporting Files */ = {
			isa = PBXGroup;
			children = (
				028290681A59457C00765105 /* Info.plist */,
				028290691A59457C00765105 /* main.m */,
			);
			name = "Supporting Files";
			sourceTree = "<group>";
		};
		028290801A59457C00765105 /* Test0001Tests */ = {
			isa = PBXGroup;
			children = (
				028290831A59457C00765105 /* Test0001Tests.m */,
				028290811A59457C00765105 /* Supporting Files */,
			);
			path = Test0001Tests;
			sourceTree = "<group>";
		};
		028290811A59457C00765105 /* Supporting Files */ = {
			isa = PBXGroup;
			children = (
				028290821A59457C00765105 /* Info.plist */,
			);
			name = "Supporting Files";
			sourceTree = "<group>";
		};
		028290921A59459C00765105 /* Test0001 WatchKit Extension */ = {
			isa = PBXGroup;
			children = (
				025015A01A5BD99E000C0586 /* Controllers */,
				028290961A59459C00765105 /* InterfaceController.h */,
				028290971A59459C00765105 /* InterfaceController.m */,
				028290991A59459C00765105 /* NotificationController.h */,
				0282909A1A59459C00765105 /* NotificationController.m */,
				02D5A73D1A5B721D0058A70F /* MyNotificationController.h */,
				02D5A73E1A5B721D0058A70F /* MyNotificationController.m */,
				0282909C1A59459C00765105 /* GlanceController.h */,
				0282909D1A59459C00765105 /* GlanceController.m */,
				0282909F1A59459C00765105 /* Images.xcassets */,
				028290931A59459C00765105 /* Supporting Files */,
			);
			path = "Test0001 WatchKit Extension";
			sourceTree = "<group>";
		};
		028290931A59459C00765105 /* Supporting Files */ = {
			isa = PBXGroup;
			children = (
				028290941A59459C00765105 /* Info.plist */,
				028290951A59459C00765105 /* PushNotificationPayload.apns */,
			);
			name = "Supporting Files";
			sourceTree = "<group>";
		};
		028290A71A59459C00765105 /* Test0001 WatchKit App */ = {
			isa = PBXGroup;
			children = (
				028290AA1A59459D00765105 /* Interface.storyboard */,
				028290AD1A59459D00765105 /* Images.xcassets */,
				028290A81A59459C00765105 /* Supporting Files */,
			);
			path = "Test0001 WatchKit App";
			sourceTree = "<group>";
		};
		028290A81A59459C00765105 /* Supporting Files */ = {
			isa = PBXGroup;
			children = (
				028290A91A59459C00765105 /* Info.plist */,
			);
			name = "Supporting Files";
			sourceTree = "<group>";
		};
/* End PBXGroup section */

/* Begin PBXNativeTarget section */
		028290631A59457C00765105 /* Test0001 */ = {
			isa = PBXNativeTarget;
			buildConfigurationList = 028290871A59457C00765105 /* Build configuration list for PBXNativeTarget "Test0001" */;
			buildPhases = (
				028290601A59457C00765105 /* Sources */,
				028290611A59457C00765105 /* Frameworks */,
				028290621A59457C00765105 /* Resources */,
				028290B81A59459D00765105 /* Embed App Extensions */,
			);
			buildRules = (
			);
			dependencies = (
				028290B01A59459D00765105 /* PBXTargetDependency */,
			);
			name = Test0001;
			productName = Test0001;
			productReference = 028290641A59457C00765105 /* Test0001.app */;
			productType = "com.apple.product-type.application";
		};
		0282907C1A59457C00765105 /* Test0001Tests */ = {
			isa = PBXNativeTarget;
			buildConfigurationList = 0282908A1A59457C00765105 /* Build configuration list for PBXNativeTarget "Test0001Tests" */;
			buildPhases = (
				028290791A59457C00765105 /* Sources */,
				0282907A1A59457C00765105 /* Frameworks */,
				0282907B1A59457C00765105 /* Resources */,
			);
			buildRules = (
			);
			dependencies = (
				0282907F1A59457C00765105 /* PBXTargetDependency */,
			);
			name = Test0001Tests;
			productName = Test0001Tests;
			productReference = 0282907D1A59457C00765105 /* Test0001Tests.xctest */;
			productType = "com.apple.product-type.bundle.unit-test";
		};
		028290901A59459C00765105 /* Test0001 WatchKit Extension */ = {
			isa = PBXNativeTarget;
			buildConfigurationList = 028290B51A59459D00765105 /* Build configuration list for PBXNativeTarget "Test0001 WatchKit Extension" */;
			buildPhases = (
				0282908D1A59459C00765105 /* Sources */,
				0282908E1A59459C00765105 /* Frameworks */,
				0282908F1A59459C00765105 /* Resources */,
			);
			buildRules = (
			);
			dependencies = (
				028290A61A59459C00765105 /* PBXTargetDependency */,
			);
			name = "Test0001 WatchKit Extension";
			productName = "Test0001 WatchKit Extension";
			productReference = 028290911A59459C00765105 /* Test0001 WatchKit Extension.appex */;
			productType = "com.apple.product-type.watchkit-extension";
		};
		028290A21A59459C00765105 /* Test0001 WatchKit App */ = {
			isa = PBXNativeTarget;
			buildConfigurationList = 028290B21A59459D00765105 /* Build configuration list for PBXNativeTarget "Test0001 WatchKit App" */;
			buildPhases = (
				028290A11A59459C00765105 /* Resources */,
			);
			buildRules = (
			);
			dependencies = (
			);
			name = "Test0001 WatchKit App";
			productName = "Test0001 WatchKit App";
			productReference = 028290A31A59459C00765105 /* Test0001 WatchKit App.app */;
			productType = "com.apple.product-type.application.watchapp";
		};
/* End PBXNativeTarget section */

/* Begin PBXProject section */
		0282905C1A59457C00765105 /* Project object */ = {
			isa = PBXProject;
			attributes = {
				LastUpgradeCheck = 0620;
				ORGANIZATIONNAME = "何青山";
				TargetAttributes = {
					028290631A59457C00765105 = {
						CreatedOnToolsVersion = 6.2;
					};
					0282907C1A59457C00765105 = {
						CreatedOnToolsVersion = 6.2;
						TestTargetID = 028290631A59457C00765105;
					};
					028290901A59459C00765105 = {
						CreatedOnToolsVersion = 6.2;
					};
					028290A21A59459C00765105 = {
						CreatedOnToolsVersion = 6.2;
					};
				};
			};
			buildConfigurationList = 0282905F1A59457C00765105 /* Build configuration list for PBXProject "Test0001" */;
			compatibilityVersion = "Xcode 3.2";
			developmentRegion = English;
			hasScannedForEncodings = 0;
			knownRegions = (
				en,
				Base,
			);
			mainGroup = 0282905B1A59457C00765105;
			productRefGroup = 028290651A59457C00765105 /* Products */;
			projectDirPath = "";
			projectRoot = "";
			targets = (
				028290631A59457C00765105 /* Test0001 */,
				0282907C1A59457C00765105 /* Test0001Tests */,
				028290901A59459C00765105 /* Test0001 WatchKit Extension */,
				028290A21A59459C00765105 /* Test0001 WatchKit App */,
			);
		};
/* End PBXProject section */

/* Begin PBXResourcesBuildPhase section */
		028290621A59457C00765105 /* Resources */ = {
			isa = PBXResourcesBuildPhase;
			buildActionMask = 2147483647;
			files = (
				028290731A59457C00765105 /* Main.storyboard in Resources */,
				028290781A59457C00765105 /* LaunchScreen.xib in Resources */,
				028290751A59457C00765105 /* Images.xcassets in Resources */,
			);
			runOnlyForDeploymentPostprocessing = 0;
		};
		0282907B1A59457C00765105 /* Resources */ = {
			isa = PBXResourcesBuildPhase;
			buildActionMask = 2147483647;
			files = (
			);
			runOnlyForDeploymentPostprocessing = 0;
		};
		0282908F1A59459C00765105 /* Resources */ = {
			isa = PBXResourcesBuildPhase;
			buildActionMask = 2147483647;
			files = (
				028290A01A59459C00765105 /* Images.xcassets in Resources */,
				028290A41A59459C00765105 /* Test0001 WatchKit App.app in Resources */,
			);
			runOnlyForDeploymentPostprocessing = 0;
		};
		028290A11A59459C00765105 /* Resources */ = {
			isa = PBXResourcesBuildPhase;
			buildActionMask = 2147483647;
			files = (
				028290AC1A59459D00765105 /* Interface.storyboard in Resources */,
				028290AE1A59459D00765105 /* Images.xcassets in Resources */,
			);
			runOnlyForDeploymentPostprocessing = 0;
		};
/* End PBXResourcesBuildPhase section */

/* Begin PBXSourcesBuildPhase section */
		028290601A59457C00765105 /* Sources */ = {
			isa = PBXSourcesBuildPhase;
			buildActionMask = 2147483647;
			files = (
				028290701A59457C00765105 /* ViewController.m in Sources */,
				0282906D1A59457C00765105 /* AppDelegate.m in Sources */,
				0282906A1A59457C00765105 /* main.m in Sources */,
			);
			runOnlyForDeploymentPostprocessing = 0;
		};
		028290791A59457C00765105 /* Sources */ = {
			isa = PBXSourcesBuildPhase;
			buildActionMask = 2147483647;
			files = (
				028290841A59457C00765105 /* Test0001Tests.m in Sources */,
			);
			runOnlyForDeploymentPostprocessing = 0;
		};
		0282908D1A59459C00765105 /* Sources */ = {
			isa = PBXSourcesBuildPhase;
			buildActionMask = 2147483647;
			files = (
				028290C71A5A224E00765105 /* WKInterfaceController+MenuController.m in Sources */,
				028290C11A5A219A00765105 /* WKInterfaceController+TableController.m in Sources */,
				0282909B1A59459C00765105 /* NotificationController.m in Sources */,
				0282912E1A5A7AAC00765105 /* mainRowType.m in Sources */,
				028290981A59459C00765105 /* InterfaceController.m in Sources */,
				0282909E1A59459C00765105 /* GlanceController.m in Sources */,
				02D5A73F1A5B721D0058A70F /* MyNotificationController.m in Sources */,
				028290C61A5A224E00765105 /* WKInterfaceController+MapController.m in Sources */,
			);
			runOnlyForDeploymentPostprocessing = 0;
		};
/* End PBXSourcesBuildPhase section */

/* Begin PBXTargetDependency section */
		0282907F1A59457C00765105 /* PBXTargetDependency */ = {
			isa = PBXTargetDependency;
			target = 028290631A59457C00765105 /* Test0001 */;
			targetProxy = 0282907E1A59457C00765105 /* PBXContainerItemProxy */;
		};
		028290A61A59459C00765105 /* PBXTargetDependency */ = {
			isa = PBXTargetDependency;
			target = 028290A21A59459C00765105 /* Test0001 WatchKit App */;
			targetProxy = 028290A51A59459C00765105 /* PBXContainerItemProxy */;
		};
		028290B01A59459D00765105 /* PBXTargetDependency */ = {
			isa = PBXTargetDependency;
			target = 028290901A59459C00765105 /* Test0001 WatchKit Extension */;
			targetProxy = 028290AF1A59459D00765105 /* PBXContainerItemProxy */;
		};
/* End PBXTargetDependency section */

/* Begin PBXVariantGroup section */
		028290711A59457C00765105 /* Main.storyboard */ = {
			isa = PBXVariantGroup;
			children = (
				028290721A59457C00765105 /* Base */,
			);
			name = Main.storyboard;
			sourceTree = "<group>";
		};
		028290761A59457C00765105 /* LaunchScreen.xib */ = {
			isa = PBXVariantGroup;
			children = (
				028290771A59457C00765105 /* Base */,
			);
			name = LaunchScreen.xib;
			sourceTree = "<group>";
		};
		028290AA1A59459D00765105 /* Interface.storyboard */ = {
			isa = PBXVariantGroup;
			children = (
				028290AB1A59459D00765105 /* Base */,
			);
			name = Interface.storyboard;
			sourceTree = "<group>";
		};
/* End PBXVariantGroup section */

/* Begin XCBuildConfiguration section */
		028290851A59457C00765105 /* Debug */ = {
			isa = XCBuildConfiguration;
			buildSettings = {
				ALWAYS_SEARCH_USER_PATHS = NO;
				CLANG_CXX_LANGUAGE_STANDARD = "gnu++0x";
				CLANG_CXX_LIBRARY = "libc++";
				CLANG_ENABLE_MODULES = YES;
				CLANG_ENABLE_OBJC_ARC = YES;
				CLANG_WARN_BOOL_CONVERSION = YES;
				CLANG_WARN_CONSTANT_CONVERSION = YES;
				CLANG_WARN_DIRECT_OBJC_ISA_USAGE = YES_ERROR;
				CLANG_WARN_EMPTY_BODY = YES;
				CLANG_WARN_ENUM_CONVERSION = YES;
				CLANG_WARN_INT_CONVERSION = YES;
				CLANG_WARN_OBJC_ROOT_CLASS = YES_ERROR;
				CLANG_WARN_UNREACHABLE_CODE = YES;
				CLANG_WARN__DUPLICATE_METHOD_MATCH = YES;
				"CODE_SIGN_IDENTITY[sdk=iphoneos*]" = "iPhone Developer";
				COPY_PHASE_STRIP = NO;
				ENABLE_STRICT_OBJC_MSGSEND = YES;
				GCC_C_LANGUAGE_STANDARD = gnu99;
				GCC_DYNAMIC_NO_PIC = NO;
				GCC_OPTIMIZATION_LEVEL = 0;
				GCC_PREPROCESSOR_DEFINITIONS = (
					"DEBUG=1",
					"$(inherited)",
				);
				GCC_SYMBOLS_PRIVATE_EXTERN = NO;
				GCC_WARN_64_TO_32_BIT_CONVERSION = YES;
				GCC_WARN_ABOUT_RETURN_TYPE = YES_ERROR;
				GCC_WARN_UNDECLARED_SELECTOR = YES;
				GCC_WARN_UNINITIALIZED_AUTOS = YES_AGGRESSIVE;
				GCC_WARN_UNUSED_FUNCTION = YES;
				GCC_WARN_UNUSED_VARIABLE = YES;
				IPHONEOS_DEPLOYMENT_TARGET = 8.2;
				MTL_ENABLE_DEBUG_INFO = YES;
				ONLY_ACTIVE_ARCH = YES;
				SDKROOT = iphoneos;
			};
			name = Debug;
		};
		028290861A59457C00765105 /* Release */ = {
			isa = XCBuildConfiguration;
			buildSettings = {
				ALWAYS_SEARCH_USER_PATHS = NO;
				CLANG_CXX_LANGUAGE_STANDARD = "gnu++0x";
				CLANG_CXX_LIBRARY = "libc++";
				CLANG_ENABLE_MODULES = YES;
				CLANG_ENABLE_OBJC_ARC = YES;
				CLANG_WARN_BOOL_CONVERSION = YES;
				CLANG_WARN_CONSTANT_CONVERSION = YES;
				CLANG_WARN_DIRECT_OBJC_ISA_USAGE = YES_ERROR;
				CLANG_WARN_EMPTY_BODY = YES;
				CLANG_WARN_ENUM_CONVERSION = YES;
				CLANG_WARN_INT_CONVERSION = YES;
				CLANG_WARN_OBJC_ROOT_CLASS = YES_ERROR;
				CLANG_WARN_UNREACHABLE_CODE = YES;
				CLANG_WARN__DUPLICATE_METHOD_MATCH = YES;
				"CODE_SIGN_IDENTITY[sdk=iphoneos*]" = "iPhone Developer";
				COPY_PHASE_STRIP = NO;
				ENABLE_NS_ASSERTIONS = NO;
				ENABLE_STRICT_OBJC_MSGSEND = YES;
				GCC_C_LANGUAGE_STANDARD = gnu99;
				GCC_WARN_64_TO_32_BIT_CONVERSION = YES;
				GCC_WARN_ABOUT_RETURN_TYPE = YES_ERROR;
				GCC_WARN_UNDECLARED_SELECTOR = YES;
				GCC_WARN_UNINITIALIZED_AUTOS = YES_AGGRESSIVE;
				GCC_WARN_UNUSED_FUNCTION = YES;
				GCC_WARN_UNUSED_VARIABLE = YES;
				IPHONEOS_DEPLOYMENT_TARGET = 8.2;
				MTL_ENABLE_DEBUG_INFO = NO;
				SDKROOT = iphoneos;
				VALIDATE_PRODUCT = YES;
			};
			name = Release;
		};
		028290881A59457C00765105 /* Debug */ = {
			isa = XCBuildConfiguration;
			buildSettings = {
				ASSETCATALOG_COMPILER_APPICON_NAME = AppIcon;
				INFOPLIST_FILE = Test0001/Info.plist;
				LD_RUNPATH_SEARCH_PATHS = "$(inherited) @executable_path/Frameworks";
				PRODUCT_NAME = "$(TARGET_NAME)";
			};
			name = Debug;
		};
		028290891A59457C00765105 /* Release */ = {
			isa = XCBuildConfiguration;
			buildSettings = {
				ASSETCATALOG_COMPILER_APPICON_NAME = AppIcon;
				INFOPLIST_FILE = Test0001/Info.plist;
				LD_RUNPATH_SEARCH_PATHS = "$(inherited) @executable_path/Frameworks";
				PRODUCT_NAME = "$(TARGET_NAME)";
			};
			name = Release;
		};
		0282908B1A59457C00765105 /* Debug */ = {
			isa = XCBuildConfiguration;
			buildSettings = {
				BUNDLE_LOADER = "$(TEST_HOST)";
				FRAMEWORK_SEARCH_PATHS = (
					"$(SDKROOT)/Developer/Library/Frameworks",
					"$(inherited)",
				);
				GCC_PREPROCESSOR_DEFINITIONS = (
					"DEBUG=1",
					"$(inherited)",
				);
				INFOPLIST_FILE = Test0001Tests/Info.plist;
				LD_RUNPATH_SEARCH_PATHS = "$(inherited) @executable_path/Frameworks @loader_path/Frameworks";
				PRODUCT_NAME = "$(TARGET_NAME)";
				TEST_HOST = "$(BUILT_PRODUCTS_DIR)/Test0001.app/Test0001";
			};
			name = Debug;
		};
		0282908C1A59457C00765105 /* Release */ = {
			isa = XCBuildConfiguration;
			buildSettings = {
				BUNDLE_LOADER = "$(TEST_HOST)";
				FRAMEWORK_SEARCH_PATHS = (
					"$(SDKROOT)/Developer/Library/Frameworks",
					"$(inherited)",
				);
				INFOPLIST_FILE = Test0001Tests/Info.plist;
				LD_RUNPATH_SEARCH_PATHS = "$(inherited) @executable_path/Frameworks @loader_path/Frameworks";
				PRODUCT_NAME = "$(TARGET_NAME)";
				TEST_HOST = "$(BUILT_PRODUCTS_DIR)/Test0001.app/Test0001";
			};
			name = Release;
		};
		028290B31A59459D00765105 /* Debug */ = {
			isa = XCBuildConfiguration;
			buildSettings = {
				ASSETCATALOG_COMPILER_APPICON_NAME = AppIcon;
				ASSETCATALOG_COMPILER_LAUNCHIMAGE_NAME = LaunchImage;
				GCC_PREPROCESSOR_DEFINITIONS = (
					"DEBUG=1",
					"$(inherited)",
				);
				IBSC_MODULE = Test0001_WatchKit_Extension;
				INFOPLIST_FILE = "Test0001 WatchKit App/Info.plist";
				PRODUCT_NAME = "$(TARGET_NAME)";
				SKIP_INSTALL = YES;
				TARGETED_DEVICE_FAMILY = 4;
				"TARGETED_DEVICE_FAMILY[sdk=iphonesimulator*]" = "1,4";
			};
			name = Debug;
		};
		028290B41A59459D00765105 /* Release */ = {
			isa = XCBuildConfiguration;
			buildSettings = {
				ASSETCATALOG_COMPILER_APPICON_NAME = AppIcon;
				ASSETCATALOG_COMPILER_LAUNCHIMAGE_NAME = LaunchImage;
				IBSC_MODULE = Test0001_WatchKit_Extension;
				INFOPLIST_FILE = "Test0001 WatchKit App/Info.plist";
				PRODUCT_NAME = "$(TARGET_NAME)";
				SKIP_INSTALL = YES;
				TARGETED_DEVICE_FAMILY = 4;
				"TARGETED_DEVICE_FAMILY[sdk=iphonesimulator*]" = "1,4";
			};
			name = Release;
		};
		028290B61A59459D00765105 /* Debug */ = {
			isa = XCBuildConfiguration;
			buildSettings = {
				GCC_PREPROCESSOR_DEFINITIONS = (
					"DEBUG=1",
					"$(inherited)",
				);
				INFOPLIST_FILE = "Test0001 WatchKit Extension/Info.plist";
				LD_RUNPATH_SEARCH_PATHS = "$(inherited) @executable_path/Frameworks @executable_path/../../Frameworks";
				PRODUCT_NAME = "${TARGET_NAME}";
				SKIP_INSTALL = YES;
			};
			name = Debug;
		};
		028290B71A59459D00765105 /* Release */ = {
			isa = XCBuildConfiguration;
			buildSettings = {
				INFOPLIST_FILE = "Test0001 WatchKit Extension/Info.plist";
				LD_RUNPATH_SEARCH_PATHS = "$(inherited) @executable_path/Frameworks @executable_path/../../Frameworks";
				PRODUCT_NAME = "${TARGET_NAME}";
				SKIP_INSTALL = YES;
			};
			name = Release;
		};
/* End XCBuildConfiguration section */

/* Begin XCConfigurationList section */
		0282905F1A59457C00765105 /* Build configuration list for PBXProject "Test0001" */ = {
			isa = XCConfigurationList;
			buildConfigurations = (
				028290851A59457C00765105 /* Debug */,
				028290861A59457C00765105 /* Release */,
			);
			defaultConfigurationIsVisible = 0;
			defaultConfigurationName = Release;
		};
		028290871A59457C00765105 /* Build configuration list for PBXNativeTarget "Test0001" */ = {
			isa = XCConfigurationList;
			buildConfigurations = (
				028290881A59457C00765105 /* Debug */,
				028290891A59457C00765105 /* Release */,
			);
			defaultConfigurationIsVisible = 0;
			defaultConfigurationName = Release;
		};
		0282908A1A59457C00765105 /* Build configuration list for PBXNativeTarget "Test0001Tests" */ = {
			isa = XCConfigurationList;
			buildConfigurations = (
				0282908B1A59457C00765105 /* Debug */,
				0282908C1A59457C00765105 /* Release */,
			);
			defaultConfigurationIsVisible = 0;
			defaultConfigurationName = Release;
		};
		028290B21A59459D00765105 /* Build configuration list for PBXNativeTarget "Test0001 WatchKit App" */ = {
			isa = XCConfigurationList;
			buildConfigurations = (
				028290B31A59459D00765105 /* Debug */,
				028290B41A59459D00765105 /* Release */,
			);
			defaultConfigurationIsVisible = 0;
			defaultConfigurationName = Release;
		};
		028290B51A59459D00765105 /* Build configuration list for PBXNativeTarget "Test0001 WatchKit Extension" */ = {
			isa = XCConfigurationList;
			buildConfigurations = (
				028290B61A59459D00765105 /* Debug */,
				028290B71A59459D00765105 /* Release */,
			);
			defaultConfigurationIsVisible = 0;
			defaultConfigurationName = Release;
		};
/* End XCConfigurationList section */
	};
	rootObject = 0282905C1A59457C00765105 /* Project object */;
}
